
Microsoft Visual Studio Solution File, Format Version 12.00
# Visual Studio 15
VisualStudioVersion = 15.0.27428.2015
MinimumVisualStudioVersion = 10.0.40219.1
Project("{FAE04EC0-301F-11D3-BF4B-00C04F79EFBC}") = "SoccerStats", "SoccerStats\SoccerStats.csproj", "{3A9BA2FB-67DB-4530-A878-54CCB7C141FE}"
EndProject
Global
	GlobalSection(SolutionConfigurationPlatforms) = preSolution
		Debug|Any CPU = Debug|Any CPU
		Release|Any CPU = Release|Any CPU
	EndGlobalSection
	GlobalSection(ProjectConfigurationPlatforms) = postSolution
		{3A9BA2FB-67DB-4530-A878-54CCB7C141FE}.Debug|Any CPU.ActiveCfg = Debug|Any CPU
		{3A9BA2FB-67DB-4530-A878-54CCB7C141FE}.Debug|Any CPU.Build.0 = Debug|Any CPU
		{3A9BA2FB-67DB-4530-A878-54CCB7C141FE}.Release|Any CPU.ActiveCfg = Release|Any CPU
		{3A9BA2FB-67DB-4530-A878-54CCB7C141FE}.Release|Any CPU.Build.0 = Release|Any CPU
	EndGlobalSection
	GlobalSection(SolutionProperties) = preSolution
		HideSolutionNode = FALSE
	EndGlobalSection
	GlobalSection(ExtensibilityGlobals) = postSolution
		SolutionGuid = {BAB4466C-E21C-406A-8797-8210CE51C2E4}
	EndGlobalSection
EndGlobal
